
Microsoft Visual Studio Solution File, Format Version 12.00
# Visual Studio Version 17
VisualStudioVersion = 17.0.31903.59
MinimumVisualStudioVersion = 10.0.40219.1
Project("{2150E333-8FDC-42A3-9474-1A3956D46DE8}") = "src", "src", "{827E0CD3-B72D-47B6-A68D-7590B98EB39B}"
EndProject
Project("{FAE04EC0-301F-11D3-BF4B-00C04F79EFBC}") = "CoinGecko.Api", "src\CoinGecko.Api\CoinGecko.Api.csproj", "{B48BB290-8882-4386-9AEC-4C8104C7B57B}"
EndProject
Project("{2150E333-8FDC-42A3-9474-1A3956D46DE8}") = "tests", "tests", "{0AB3BF05-4346-4AA6-1389-037BE0695223}"
EndProject
Project("{FAE04EC0-301F-11D3-BF4B-00C04F79EFBC}") = "CoinGecko.Api.Tests", "tests\CoinGecko.Api.Tests\CoinGecko.Api.Tests.csproj", "{C8E1C726-6D4A-49C2-AA8A-8E3CB735C9DC}"
EndProject
Project("{FAE04EC0-301F-11D3-BF4B-00C04F79EFBC}") = "CoinGecko.Api.MockTests", "tests\CoinGecko.Api.MockTests\CoinGecko.Api.MockTests.csproj", "{F749CFC5-0827-4679-BAAF-126AA67ED009}"
EndProject
Project("{2150E333-8FDC-42A3-9474-1A3956D46DE8}") = "samples", "samples", "{5D20AA90-6969-D8BD-9DCD-8634F4692FDA}"
EndProject
Project("{FAE04EC0-301F-11D3-BF4B-00C04F79EFBC}") = "CoinGecko.Api.Samples.Console", "samples\CoinGecko.Api.Samples.Console\CoinGecko.Api.Samples.Console.csproj", "{89B16C27-4BA5-456A-96CF-B99D07D53922}"
EndProject
Project("{FAE04EC0-301F-11D3-BF4B-00C04F79EFBC}") = "CoinGecko.Api.Samples.Blazor", "samples\CoinGecko.Api.Samples.Blazor\CoinGecko.Api.Samples.Blazor.csproj", "{53AF30E4-0AF2-468B-82A8-5A0B69047BF6}"
EndProject
Project("{FAE04EC0-301F-11D3-BF4B-00C04F79EFBC}") = "CoinGecko.Api.WebSockets", "src\CoinGecko.Api.WebSockets\CoinGecko.Api.WebSockets.csproj", "{AF739C5F-27D8-42AA-A0E8-85109335C12B}"
EndProject
Project("{FAE04EC0-301F-11D3-BF4B-00C04F79EFBC}") = "CoinGecko.Api.WebSockets.Tests", "tests\CoinGecko.Api.WebSockets.Tests\CoinGecko.Api.WebSockets.Tests.csproj", "{3AB778ED-F56F-4AD2-839C-E91DEF2A0466}"
EndProject
Project("{FAE04EC0-301F-11D3-BF4B-00C04F79EFBC}") = "CoinGecko.Api.Samples.StreamConsole", "samples\CoinGecko.Api.Samples.StreamConsole\CoinGecko.Api.Samples.StreamConsole.csproj", "{DE2A0471-F197-4C5A-B224-F685BB993C17}"
EndProject
Project("{FAE04EC0-301F-11D3-BF4B-00C04F79EFBC}") = "CoinGecko.Api.AiAgentHub", "src\CoinGecko.Api.AiAgentHub\CoinGecko.Api.AiAgentHub.csproj", "{E3191EC1-64EC-4C54-B177-BB7107BB0CC5}"
EndProject
Project("{FAE04EC0-301F-11D3-BF4B-00C04F79EFBC}") = "CoinGecko.Api.AiAgentHub.Tests", "tests\CoinGecko.Api.AiAgentHub.Tests\CoinGecko.Api.AiAgentHub.Tests.csproj", "{D95FCC67-C72B-4509-8600-95915E8950B3}"
EndProject
Project("{FAE04EC0-301F-11D3-BF4B-00C04F79EFBC}") = "CoinGecko.Api.Samples.AgentDemo", "samples\CoinGecko.Api.Samples.AgentDemo\CoinGecko.Api.Samples.AgentDemo.csproj", "{A903A532-7152-4795-BBC1-7747E8B6A3B0}"
EndProject
Global
	GlobalSection(SolutionConfigurationPlatforms) = preSolution
		Debug|Any CPU = Debug|Any CPU
		Debug|x64 = Debug|x64
		Debug|x86 = Debug|x86
		Release|Any CPU = Release|Any CPU
		Release|x64 = Release|x64
		Release|x86 = Release|x86
	EndGlobalSection
	GlobalSection(ProjectConfigurationPlatforms) = postSolution
		{B48BB290-8882-4386-9AEC-4C8104C7B57B}.Debug|Any CPU.ActiveCfg = Debug|Any CPU
		{B48BB290-8882-4386-9AEC-4C8104C7B57B}.Debug|Any CPU.Build.0 = Debug|Any CPU
		{B48BB290-8882-4386-9AEC-4C8104C7B57B}.Debug|x64.ActiveCfg = Debug|Any CPU
		{B48BB290-8882-4386-9AEC-4C8104C7B57B}.Debug|x64.Build.0 = Debug|Any CPU
		{B48BB290-8882-4386-9AEC-4C8104C7B57B}.Debug|x86.ActiveCfg = Debug|Any CPU
		{B48BB290-8882-4386-9AEC-4C8104C7B57B}.Debug|x86.Build.0 = Debug|Any CPU
		{B48BB290-8882-4386-9AEC-4C8104C7B57B}.Release|Any CPU.ActiveCfg = Release|Any CPU
		{B48BB290-8882-4386-9AEC-4C8104C7B57B}.Release|Any CPU.Build.0 = Release|Any CPU
		{B48BB290-8882-4386-9AEC-4C8104C7B57B}.Release|x64.ActiveCfg = Release|Any CPU
		{B48BB290-8882-4386-9AEC-4C8104C7B57B}.Release|x64.Build.0 = Release|Any CPU
		{B48BB290-8882-4386-9AEC-4C8104C7B57B}.Release|x86.ActiveCfg = Release|Any CPU
		{B48BB290-8882-4386-9AEC-4C8104C7B57B}.Release|x86.Build.0 = Release|Any CPU
		{C8E1C726-6D4A-49C2-AA8A-8E3CB735C9DC}.Debug|Any CPU.ActiveCfg = Debug|Any CPU
		{C8E1C726-6D4A-49C2-AA8A-8E3CB735C9DC}.Debug|Any CPU.Build.0 = Debug|Any CPU
		{C8E1C726-6D4A-49C2-AA8A-8E3CB735C9DC}.Debug|x64.ActiveCfg = Debug|Any CPU
		{C8E1C726-6D4A-49C2-AA8A-8E3CB735C9DC}.Debug|x64.Build.0 = Debug|Any CPU
		{C8E1C726-6D4A-49C2-AA8A-8E3CB735C9DC}.Debug|x86.ActiveCfg = Debug|Any CPU
		{C8E1C726-6D4A-49C2-AA8A-8E3CB735C9DC}.Debug|x86.Build.0 = Debug|Any CPU
		{C8E1C726-6D4A-49C2-AA8A-8E3CB735C9DC}.Release|Any CPU.ActiveCfg = Release|Any CPU
		{C8E1C726-6D4A-49C2-AA8A-8E3CB735C9DC}.Release|Any CPU.Build.0 = Release|Any CPU
		{C8E1C726-6D4A-49C2-AA8A-8E3CB735C9DC}.Release|x64.ActiveCfg = Release|Any CPU
		{C8E1C726-6D4A-49C2-AA8A-8E3CB735C9DC}.Release|x64.Build.0 = Release|Any CPU
		{C8E1C726-6D4A-49C2-AA8A-8E3CB735C9DC}.Release|x86.ActiveCfg = Release|Any CPU
		{C8E1C726-6D4A-49C2-AA8A-8E3CB735C9DC}.Release|x86.Build.0 = Release|Any CPU
		{F749CFC5-0827-4679-BAAF-126AA67ED009}.Debug|Any CPU.ActiveCfg = Debug|Any CPU
		{F749CFC5-0827-4679-BAAF-126AA67ED009}.Debug|Any CPU.Build.0 = Debug|Any CPU
		{F749CFC5-0827-4679-BAAF-126AA67ED009}.Debug|x64.ActiveCfg = Debug|Any CPU
		{F749CFC5-0827-4679-BAAF-126AA67ED009}.Debug|x64.Build.0 = Debug|Any CPU
		{F749CFC5-0827-4679-BAAF-126AA67ED009}.Debug|x86.ActiveCfg = Debug|Any CPU
		{F749CFC5-0827-4679-BAAF-126AA67ED009}.Debug|x86.Build.0 = Debug|Any CPU
		{F749CFC5-0827-4679-BAAF-126AA67ED009}.Release|Any CPU.ActiveCfg = Release|Any CPU
		{F749CFC5-0827-4679-BAAF-126AA67ED009}.Release|Any CPU.Build.0 = Release|Any CPU
		{F749CFC5-0827-4679-BAAF-126AA67ED009}.Release|x64.ActiveCfg = Release|Any CPU
		{F749CFC5-0827-4679-BAAF-126AA67ED009}.Release|x64.Build.0 = Release|Any CPU
		{F749CFC5-0827-4679-BAAF-126AA67ED009}.Release|x86.ActiveCfg = Release|Any CPU
		{F749CFC5-0827-4679-BAAF-126AA67ED009}.Release|x86.Build.0 = Release|Any CPU
		{89B16C27-4BA5-456A-96CF-B99D07D53922}.Debug|Any CPU.ActiveCfg = Debug|Any CPU
		{89B16C27-4BA5-456A-96CF-B99D07D53922}.Debug|Any CPU.Build.0 = Debug|Any CPU
		{89B16C27-4BA5-456A-96CF-B99D07D53922}.Debug|x64.ActiveCfg = Debug|Any CPU
		{89B16C27-4BA5-456A-96CF-B99D07D53922}.Debug|x64.Build.0 = Debug|Any CPU
		{89B16C27-4BA5-456A-96CF-B99D07D53922}.Debug|x86.ActiveCfg = Debug|Any CPU
		{89B16C27-4BA5-456A-96CF-B99D07D53922}.Debug|x86.Build.0 = Debug|Any CPU
		{89B16C27-4BA5-456A-96CF-B99D07D53922}.Release|Any CPU.ActiveCfg = Release|Any CPU
		{89B16C27-4BA5-456A-96CF-B99D07D53922}.Release|Any CPU.Build.0 = Release|Any CPU
		{89B16C27-4BA5-456A-96CF-B99D07D53922}.Release|x64.ActiveCfg = Release|Any CPU
		{89B16C27-4BA5-456A-96CF-B99D07D53922}.Release|x64.Build.0 = Release|Any CPU
		{89B16C27-4BA5-456A-96CF-B99D07D53922}.Release|x86.ActiveCfg = Release|Any CPU
		{89B16C27-4BA5-456A-96CF-B99D07D53922}.Release|x86.Build.0 = Release|Any CPU
		{53AF30E4-0AF2-468B-82A8-5A0B69047BF6}.Debug|Any CPU.ActiveCfg = Debug|Any CPU
		{53AF30E4-0AF2-468B-82A8-5A0B69047BF6}.Debug|Any CPU.Build.0 = Debug|Any CPU
		{53AF30E4-0AF2-468B-82A8-5A0B69047BF6}.Debug|x64.ActiveCfg = Debug|Any CPU
		{53AF30E4-0AF2-468B-82A8-5A0B69047BF6}.Debug|x64.Build.0 = Debug|Any CPU
		{53AF30E4-0AF2-468B-82A8-5A0B69047BF6}.Debug|x86.ActiveCfg = Debug|Any CPU
		{53AF30E4-0AF2-468B-82A8-5A0B69047BF6}.Debug|x86.Build.0 = Debug|Any CPU
		{53AF30E4-0AF2-468B-82A8-5A0B69047BF6}.Release|Any CPU.ActiveCfg = Release|Any CPU
		{53AF30E4-0AF2-468B-82A8-5A0B69047BF6}.Release|Any CPU.Build.0 = Release|Any CPU
		{53AF30E4-0AF2-468B-82A8-5A0B69047BF6}.Release|x64.ActiveCfg = Release|Any CPU
		{53AF30E4-0AF2-468B-82A8-5A0B69047BF6}.Release|x64.Build.0 = Release|Any CPU
		{53AF30E4-0AF2-468B-82A8-5A0B69047BF6}.Release|x86.ActiveCfg = Release|Any CPU
		{53AF30E4-0AF2-468B-82A8-5A0B69047BF6}.Release|x86.Build.0 = Release|Any CPU
		{AF739C5F-27D8-42AA-A0E8-85109335C12B}.Debug|Any CPU.ActiveCfg = Debug|Any CPU
		{AF739C5F-27D8-42AA-A0E8-85109335C12B}.Debug|Any CPU.Build.0 = Debug|Any CPU
		{AF739C5F-27D8-42AA-A0E8-85109335C12B}.Debug|x64.ActiveCfg = Debug|Any CPU
		{AF739C5F-27D8-42AA-A0E8-85109335C12B}.Debug|x64.Build.0 = Debug|Any CPU
		{AF739C5F-27D8-42AA-A0E8-85109335C12B}.Debug|x86.ActiveCfg = Debug|Any CPU
		{AF739C5F-27D8-42AA-A0E8-85109335C12B}.Debug|x86.Build.0 = Debug|Any CPU
		{AF739C5F-27D8-42AA-A0E8-85109335C12B}.Release|Any CPU.ActiveCfg = Release|Any CPU
		{AF739C5F-27D8-42AA-A0E8-85109335C12B}.Release|Any CPU.Build.0 = Release|Any CPU
		{AF739C5F-27D8-42AA-A0E8-85109335C12B}.Release|x64.ActiveCfg = Release|Any CPU
		{AF739C5F-27D8-42AA-A0E8-85109335C12B}.Release|x64.Build.0 = Release|Any CPU
		{AF739C5F-27D8-42AA-A0E8-85109335C12B}.Release|x86.ActiveCfg = Release|Any CPU
		{AF739C5F-27D8-42AA-A0E8-85109335C12B}.Release|x86.Build.0 = Release|Any CPU
		{3AB778ED-F56F-4AD2-839C-E91DEF2A0466}.Debug|Any CPU.ActiveCfg = Debug|Any CPU
		{3AB778ED-F56F-4AD2-839C-E91DEF2A0466}.Debug|Any CPU.Build.0 = Debug|Any CPU
		{3AB778ED-F56F-4AD2-839C-E91DEF2A0466}.Debug|x64.ActiveCfg = Debug|Any CPU
		{3AB778ED-F56F-4AD2-839C-E91DEF2A0466}.Debug|x64.Build.0 = Debug|Any CPU
		{3AB778ED-F56F-4AD2-839C-E91DEF2A0466}.Debug|x86.ActiveCfg = Debug|Any CPU
		{3AB778ED-F56F-4AD2-839C-E91DEF2A0466}.Debug|x86.Build.0 = Debug|Any CPU
		{3AB778ED-F56F-4AD2-839C-E91DEF2A0466}.Release|Any CPU.ActiveCfg = Release|Any CPU
		{3AB778ED-F56F-4AD2-839C-E91DEF2A0466}.Release|Any CPU.Build.0 = Release|Any CPU
		{3AB778ED-F56F-4AD2-839C-E91DEF2A0466}.Release|x64.ActiveCfg = Release|Any CPU
		{3AB778ED-F56F-4AD2-839C-E91DEF2A0466}.Release|x64.Build.0 = Release|Any CPU
		{3AB778ED-F56F-4AD2-839C-E91DEF2A0466}.Release|x86.ActiveCfg = Release|Any CPU
		{3AB778ED-F56F-4AD2-839C-E91DEF2A0466}.Release|x86.Build.0 = Release|Any CPU
		{DE2A0471-F197-4C5A-B224-F685BB993C17}.Debug|Any CPU.ActiveCfg = Debug|Any CPU
		{DE2A0471-F197-4C5A-B224-F685BB993C17}.Debug|Any CPU.Build.0 = Debug|Any CPU
		{DE2A0471-F197-4C5A-B224-F685BB993C17}.Debug|x64.ActiveCfg = Debug|Any CPU
		{DE2A0471-F197-4C5A-B224-F685BB993C17}.Debug|x64.Build.0 = Debug|Any CPU
		{DE2A0471-F197-4C5A-B224-F685BB993C17}.Debug|x86.ActiveCfg = Debug|Any CPU
		{DE2A0471-F197-4C5A-B224-F685BB993C17}.Debug|x86.Build.0 = Debug|Any CPU
		{DE2A0471-F197-4C5A-B224-F685BB993C17}.Release|Any CPU.ActiveCfg = Release|Any CPU
		{DE2A0471-F197-4C5A-B224-F685BB993C17}.Release|Any CPU.Build.0 = Release|Any CPU
		{DE2A0471-F197-4C5A-B224-F685BB993C17}.Release|x64.ActiveCfg = Release|Any CPU
		{DE2A0471-F197-4C5A-B224-F685BB993C17}.Release|x64.Build.0 = Release|Any CPU
		{DE2A0471-F197-4C5A-B224-F685BB993C17}.Release|x86.ActiveCfg = Release|Any CPU
		{DE2A0471-F197-4C5A-B224-F685BB993C17}.Release|x86.Build.0 = Release|Any CPU
		{E3191EC1-64EC-4C54-B177-BB7107BB0CC5}.Debug|Any CPU.ActiveCfg = Debug|Any CPU
		{E3191EC1-64EC-4C54-B177-BB7107BB0CC5}.Debug|Any CPU.Build.0 = Debug|Any CPU
		{E3191EC1-64EC-4C54-B177-BB7107BB0CC5}.Debug|x64.ActiveCfg = Debug|Any CPU
		{E3191EC1-64EC-4C54-B177-BB7107BB0CC5}.Debug|x64.Build.0 = Debug|Any CPU
		{E3191EC1-64EC-4C54-B177-BB7107BB0CC5}.Debug|x86.ActiveCfg = Debug|Any CPU
		{E3191EC1-64EC-4C54-B177-BB7107BB0CC5}.Debug|x86.Build.0 = Debug|Any CPU
		{E3191EC1-64EC-4C54-B177-BB7107BB0CC5}.Release|Any CPU.ActiveCfg = Release|Any CPU
		{E3191EC1-64EC-4C54-B177-BB7107BB0CC5}.Release|Any CPU.Build.0 = Release|Any CPU
		{E3191EC1-64EC-4C54-B177-BB7107BB0CC5}.Release|x64.ActiveCfg = Release|Any CPU
		{E3191EC1-64EC-4C54-B177-BB7107BB0CC5}.Release|x64.Build.0 = Release|Any CPU
		{E3191EC1-64EC-4C54-B177-BB7107BB0CC5}.Release|x86.ActiveCfg = Release|Any CPU
		{E3191EC1-64EC-4C54-B177-BB7107BB0CC5}.Release|x86.Build.0 = Release|Any CPU
		{D95FCC67-C72B-4509-8600-95915E8950B3}.Debug|Any CPU.ActiveCfg = Debug|Any CPU
		{D95FCC67-C72B-4509-8600-95915E8950B3}.Debug|Any CPU.Build.0 = Debug|Any CPU
		{D95FCC67-C72B-4509-8600-95915E8950B3}.Debug|x64.ActiveCfg = Debug|Any CPU
		{D95FCC67-C72B-4509-8600-95915E8950B3}.Debug|x64.Build.0 = Debug|Any CPU
		{D95FCC67-C72B-4509-8600-95915E8950B3}.Debug|x86.ActiveCfg = Debug|Any CPU
		{D95FCC67-C72B-4509-8600-95915E8950B3}.Debug|x86.Build.0 = Debug|Any CPU
		{D95FCC67-C72B-4509-8600-95915E8950B3}.Release|Any CPU.ActiveCfg = Release|Any CPU
		{D95FCC67-C72B-4509-8600-95915E8950B3}.Release|Any CPU.Build.0 = Release|Any CPU
		{D95FCC67-C72B-4509-8600-95915E8950B3}.Release|x64.ActiveCfg = Release|Any CPU
		{D95FCC67-C72B-4509-8600-95915E8950B3}.Release|x64.Build.0 = Release|Any CPU
		{D95FCC67-C72B-4509-8600-95915E8950B3}.Release|x86.ActiveCfg = Release|Any CPU
		{D95FCC67-C72B-4509-8600-95915E8950B3}.Release|x86.Build.0 = Release|Any CPU
		{A903A532-7152-4795-BBC1-7747E8B6A3B0}.Debug|Any CPU.ActiveCfg = Debug|Any CPU
		{A903A532-7152-4795-BBC1-7747E8B6A3B0}.Debug|Any CPU.Build.0 = Debug|Any CPU
		{A903A532-7152-4795-BBC1-7747E8B6A3B0}.Debug|x64.ActiveCfg = Debug|Any CPU
		{A903A532-7152-4795-BBC1-7747E8B6A3B0}.Debug|x64.Build.0 = Debug|Any CPU
		{A903A532-7152-4795-BBC1-7747E8B6A3B0}.Debug|x86.ActiveCfg = Debug|Any CPU
		{A903A532-7152-4795-BBC1-7747E8B6A3B0}.Debug|x86.Build.0 = Debug|Any CPU
		{A903A532-7152-4795-BBC1-7747E8B6A3B0}.Release|Any CPU.ActiveCfg = Release|Any CPU
		{A903A532-7152-4795-BBC1-7747E8B6A3B0}.Release|Any CPU.Build.0 = Release|Any CPU
		{A903A532-7152-4795-BBC1-7747E8B6A3B0}.Release|x64.ActiveCfg = Release|Any CPU
		{A903A532-7152-4795-BBC1-7747E8B6A3B0}.Release|x64.Build.0 = Release|Any CPU
		{A903A532-7152-4795-BBC1-7747E8B6A3B0}.Release|x86.ActiveCfg = Release|Any CPU
		{A903A532-7152-4795-BBC1-7747E8B6A3B0}.Release|x86.Build.0 = Release|Any CPU
	EndGlobalSection
	GlobalSection(SolutionProperties) = preSolution
		HideSolutionNode = FALSE
	EndGlobalSection
	GlobalSection(NestedProjects) = preSolution
		{B48BB290-8882-4386-9AEC-4C8104C7B57B} = {827E0CD3-B72D-47B6-A68D-7590B98EB39B}
		{C8E1C726-6D4A-49C2-AA8A-8E3CB735C9DC} = {0AB3BF05-4346-4AA6-1389-037BE0695223}
		{F749CFC5-0827-4679-BAAF-126AA67ED009} = {0AB3BF05-4346-4AA6-1389-037BE0695223}
		{89B16C27-4BA5-456A-96CF-B99D07D53922} = {5D20AA90-6969-D8BD-9DCD-8634F4692FDA}
		{53AF30E4-0AF2-468B-82A8-5A0B69047BF6} = {5D20AA90-6969-D8BD-9DCD-8634F4692FDA}
		{AF739C5F-27D8-42AA-A0E8-85109335C12B} = {827E0CD3-B72D-47B6-A68D-7590B98EB39B}
		{3AB778ED-F56F-4AD2-839C-E91DEF2A0466} = {0AB3BF05-4346-4AA6-1389-037BE0695223}
		{DE2A0471-F197-4C5A-B224-F685BB993C17} = {5D20AA90-6969-D8BD-9DCD-8634F4692FDA}
		{E3191EC1-64EC-4C54-B177-BB7107BB0CC5} = {827E0CD3-B72D-47B6-A68D-7590B98EB39B}
		{D95FCC67-C72B-4509-8600-95915E8950B3} = {0AB3BF05-4346-4AA6-1389-037BE0695223}
		{A903A532-7152-4795-BBC1-7747E8B6A3B0} = {5D20AA90-6969-D8BD-9DCD-8634F4692FDA}
	EndGlobalSection
EndGlobal
